{
  "name": "compare-words-worker",
  "version": "1.0.0",
  "lockfileVersion": 2,
  "requires": true,
  "packages": {
    "": {
      "name": "compare-words-worker",
      "version": "1.0.0",
      "license": "MIT",
      "dependencies": {
        "compare-words": "^0.0.1"
      },
      "devDependencies": {
        "prettier": "^1.18.2"
      }
    },
    "node_modules/compare-words": {
      "version": "0.0.1",
      "resolved": "https://registry.npmjs.org/compare-words/-/compare-words-0.0.1.tgz",
      "integrity": "sha512-tTJStLkBij2VXycveiSgYMVhGxkffcQIyi0tWKGmBn08SXw6dFiLZD1h4MMbUIXI1w2Pttg1XxzrWo53ZPWOow=="
    },
    "node_modules/prettier": {
      "version": "1.19.1",
      "resolved": "https://registry.npmjs.org/prettier/-/prettier-1.19.1.tgz",
      "integrity": "sha512-s7PoyDv/II1ObgQunCbB9PdLmUcBZcnWOcxDh7O0N/UwDEsHyqkW+Qh28jW+mVuCdx7gLB0BotYI1Y6uI9iyew==",
      "dev": true,
      "bin": {
        "prettier": "bin-prettier.js"
      },
      "engines": {
        "node": ">=4"
      }
    }
  },
  "dependencies": {
    "compare-words": {
      "version": "0.0.1",
      "resolved": "https://registry.npmjs.org/compare-words/-/compare-words-0.0.1.tgz",
      "integrity": "sha512-tTJStLkBij2VXycveiSgYMVhGxkffcQIyi0tWKGmBn08SXw6dFiLZD1h4MMbUIXI1w2Pttg1XxzrWo53ZPWOow=="
    },
    "prettier": {
      "version": "1.19.1",
      "resolved": "https://registry.npmjs.org/prettier/-/prettier-1.19.1.tgz",
      "integrity": "sha512-s7PoyDv/II1ObgQunCbB9PdLmUcBZcnWOcxDh7O0N/UwDEsHyqkW+Qh28jW+mVuCdx7gLB0BotYI1Y6uI9iyew==",
      "dev": true
    }
  }
}
